{
  "nodes": {
    "devshell-lib": {
      "locked": {
        "dir": "lib",
        "lastModified": 1755673398,
        "narHash": "sha256-51MmR+Eo1+bKDd/Ss77wwTqi4yAR2xgmyCSEbKWSpj0=",
        "owner": "rensa-nix",
        "repo": "devshell",
        "rev": "e76bef387e8a4574f9b6d37b1a424e706491af08",
        "type": "gitlab"
      },
      "original": {
        "dir": "lib",
        "owner": "rensa-nix",
        "repo": "devshell",
        "type": "gitlab"
      }
    },
    "nixmkdocs-lib": {
      "locked": {
        "dir": "lib",
        "lastModified": 1755785622,
        "narHash": "sha256-xBb9PCkszmrWSEqUiPC7oBJABm1thF572S5QHtloZ+M=",
        "owner": "TECHNOFAB",
        "repo": "nixmkdocs",
        "rev": "61da605a9bff12f66c4b743f43aea59ca200f533",
        "type": "gitlab"
      },
      "original": {
        "dir": "lib",
        "owner": "TECHNOFAB",
        "repo": "nixmkdocs",
        "type": "gitlab"
      }
    },
    "nixtest-lib": {
      "locked": {
        "dir": "lib",
        "lastModified": 1753957623,
        "narHash": "sha256-kdImwKx57N0QL8HPUUb5ADwXFgSjaNOk39b/eKlzyTo=",
        "owner": "TECHNOFAB",
        "repo": "nixtest",
        "rev": "22b43c9fe83be73c3f0648bbb54bc3c1cf7f96df",
        "type": "gitlab"
      },
      "original": {
        "dir": "lib",
        "owner": "TECHNOFAB",
        "repo": "nixtest",
        "type": "gitlab"
      }
    },
    "root": {
      "inputs": {
        "devshell-lib": "devshell-lib",
        "nixmkdocs-lib": "nixmkdocs-lib",
        "nixtest-lib": "nixtest-lib",
        "treefmt-nix": "treefmt-nix"
      }
    },
    "treefmt-nix": {
      "flake": false,
      "locked": {
        "lastModified": 1755934250,
        "narHash": "sha256-CsDojnMgYsfshQw3t4zjRUkmMmUdZGthl16bXVWgRYU=",
        "owner": "numtide",
        "repo": "treefmt-nix",
        "rev": "74e1a52d5bd9430312f8d1b8b0354c92c17453e5",
        "type": "github"
      },
      "original": {
        "owner": "numtide",
        "repo": "treefmt-nix",
        "type": "github"
      }
    }
  },
  "root": "root",
  "version": 7
}
