{
  "nodes": {
    "devshell-lib": {
      "locked": {
        "dir": "lib",
        "lastModified": 1767218348,
        "narHash": "sha256-8MJqwH9sRMuHH+RsB7iqWyWD30TgmpiYKEvegAULggs=",
        "owner": "rensa-nix",
        "repo": "devshell",
        "rev": "7a9b7e5d9f162a1fa3edfdc0169cdc29d3a67f8e",
        "type": "gitlab"
      },
      "original": {
        "dir": "lib",
        "owner": "rensa-nix",
        "ref": "v0.1.0",
        "repo": "devshell",
        "type": "gitlab"
      }
    },
    "devtools-lib": {
      "locked": {
        "dir": "lib",
        "lastModified": 1767214272,
        "narHash": "sha256-gvW7flZ60xdv3Z3Ksec5jcRjW2sqRHsGoJdwsNWQVPk=",
        "owner": "rensa-nix",
        "repo": "devtools",
        "rev": "f40e59c32c48cdbf4cbc621c2f0f11e7bb80dbd3",
        "type": "gitlab"
      },
      "original": {
        "dir": "lib",
        "owner": "rensa-nix",
        "ref": "v0.1.0",
        "repo": "devtools",
        "type": "gitlab"
      }
    },
    "nix-gitlab-ci-lib": {
      "locked": {
        "dir": "lib",
        "lastModified": 1765444672,
        "narHash": "sha256-B0cMjRs9P50ym9Le0VUcRN69Yy6tbV13MXq81tTTEus=",
        "owner": "TECHNOFAB",
        "repo": "nix-gitlab-ci",
        "rev": "8f88a53b5479773cd626420362631bc1da99e677",
        "type": "gitlab"
      },
      "original": {
        "dir": "lib",
        "owner": "TECHNOFAB",
        "ref": "3.1.2",
        "repo": "nix-gitlab-ci",
        "type": "gitlab"
      }
    },
    "nixmkdocs-lib": {
      "locked": {
        "dir": "lib",
        "lastModified": 1767549915,
        "narHash": "sha256-by3r2qddlyzylup5fzSaDwtoy3eFHNKb65IuIq6bsAs=",
        "owner": "TECHNOFAB",
        "repo": "nixmkdocs",
        "rev": "f3b2f4b19178e97c5580367be0f97e61a085db6d",
        "type": "gitlab"
      },
      "original": {
        "dir": "lib",
        "owner": "TECHNOFAB",
        "repo": "nixmkdocs",
        "type": "gitlab"
      }
    },
    "nixtest-lib": {
      "locked": {
        "dir": "lib",
        "lastModified": 1765728058,
        "narHash": "sha256-V3FXECl1oTxEtGteNz3o3GJs/X8asSn1TxRpZ2F+htU=",
        "owner": "TECHNOFAB",
        "repo": "nixtest",
        "rev": "2477ad31ae3aa4134e1bb5eeddbebe0cb64ccb57",
        "type": "gitlab"
      },
      "original": {
        "dir": "lib",
        "owner": "TECHNOFAB",
        "ref": "v1.2.1",
        "repo": "nixtest",
        "type": "gitlab"
      }
    },
    "root": {
      "inputs": {
        "devshell-lib": "devshell-lib",
        "devtools-lib": "devtools-lib",
        "nix-gitlab-ci-lib": "nix-gitlab-ci-lib",
        "nixmkdocs-lib": "nixmkdocs-lib",
        "nixtest-lib": "nixtest-lib",
        "treefmt-nix": "treefmt-nix"
      }
    },
    "treefmt-nix": {
      "flake": false,
      "locked": {
        "lastModified": 1769691507,
        "narHash": "sha256-8aAYwyVzSSwIhP2glDhw/G0i5+wOrren3v6WmxkVonM=",
        "owner": "numtide",
        "repo": "treefmt-nix",
        "rev": "28b19c5844cc6e2257801d43f2772a4b4c050a1b",
        "type": "github"
      },
      "original": {
        "owner": "numtide",
        "repo": "treefmt-nix",
        "type": "github"
      }
    }
  },
  "root": "root",
  "version": 7
}
